// !$*UTF8*$!
{
	archiveVersion = 1;
	classes = {
	};
	objectVersion = 77;
	objects = {

/* Begin PBXBuildFile section */
		A8D19A3A2E325A1F0059DF4B /* ideas.md in Resources */ = {isa = PBXBuildFile; fileRef = A8D19A392E325A1F0059DF4B /* ideas.md */; };
/* End PBXBuildFile section */

/* Begin PBXContainerItemProxy section */
		A8961DD32E32275B008833D5 /* PBXContainerItemProxy */ = {
			isa = PBXContainerItemProxy;
			containerPortal = A8961DBC2E322759008833D5 /* Project object */;
			proxyType = 1;
			remoteGlobalIDString = A8961DC32E322759008833D5;
			remoteInfo = NotchUtility;
		};
		A8961DDD2E32275B008833D5 /* PBXContainerItemProxy */ = {
			isa = PBXContainerItemProxy;
			containerPortal = A8961DBC2E322759008833D5 /* Project object */;
			proxyType = 1;
			remoteGlobalIDString = A8961DC32E322759008833D5;
			remoteInfo = NotchUtility;
		};
/* End PBXContainerItemProxy section */

/* Begin PBXFileReference section */
		A8961DC42E322759008833D5 /* NotchUtility.app */ = {isa = PBXFileReference; explicitFileType = wrapper.application; includeInIndex = 0; path = NotchUtility.app; sourceTree = BUILT_PRODUCTS_DIR; };
		A8961DD22E32275B008833D5 /* NotchUtilityTests.xctest */ = {isa = PBXFileReference; explicitFileType = wrapper.cfbundle; includeInIndex = 0; path = NotchUtilityTests.xctest; sourceTree = BUILT_PRODUCTS_DIR; };
		A8961DDC2E32275B008833D5 /* NotchUtilityUITests.xctest */ = {isa = PBXFileReference; explicitFileType = wrapper.cfbundle; includeInIndex = 0; path = NotchUtilityUITests.xctest; sourceTree = BUILT_PRODUCTS_DIR; };
		A8D19A392E325A1F0059DF4B /* ideas.md */ = {isa = PBXFileReference; lastKnownFileType = net.daringfireball.markdown; path = ideas.md; sourceTree = "<group>"; };
/* End PBXFileReference section */

/* Begin PBXFileSystemSynchronizedRootGroup section */
		A8961DC62E322759008833D5 /* NotchUtility */ = {
			isa = PBXFileSystemSynchronizedRootGroup;
			path = NotchUtility;
			sourceTree = "<group>";
		};
		A8961DD52E32275B008833D5 /* NotchUtilityTests */ = {
			isa = PBXFileSystemSynchronizedRootGroup;
			path = NotchUtilityTests;
			sourceTree = "<group>";
		};
		A8961DDF2E32275B008833D5 /* NotchUtilityUITests */ = {
			isa = PBXFileSystemSynchronizedRootGroup;
			path = NotchUtilityUITests;
			sourceTree = "<group>";
		};
/* End PBXFileSystemSynchronizedRootGroup section */

/* Begin PBXFrameworksBuildPhase section */
		A8961DC12E322759008833D5 /* Frameworks */ = {
			isa = PBXFrameworksBuildPhase;
			buildActionMask = 2147483647;
			files = (
			);
			runOnlyForDeploymentPostprocessing = 0;
		};
		A8961DCF2E32275B008833D5 /* Frameworks */ = {
			isa = PBXFrameworksBuildPhase;
			buildActionMask = 2147483647;
			files = (
			);
			runOnlyForDeploymentPostprocessing = 0;
		};
		A8961DD92E32275B008833D5 /* Frameworks */ = {
			isa = PBXFrameworksBuildPhase;
			buildActionMask = 2147483647;
			files = (
			);
			runOnlyForDeploymentPostprocessing = 0;
		};
/* End PBXFrameworksBuildPhase section */

/* Begin PBXGroup section */
		A8961DBB2E322759008833D5 = {
			isa = PBXGroup;
			children = (
				A8D19A392E325A1F0059DF4B /* ideas.md */,
				A8961DC62E322759008833D5 /* NotchUtility */,
				A8961DD52E32275B008833D5 /* NotchUtilityTests */,
				A8961DDF2E32275B008833D5 /* NotchUtilityUITests */,
				A8961DC52E322759008833D5 /* Products */,
			);
			sourceTree = "<group>";
		};
		A8961DC52E322759008833D5 /* Products */ = {
			isa = PBXGroup;
			children = (
				A8961DC42E322759008833D5 /* NotchUtility.app */,
				A8961DD22E32275B008833D5 /* NotchUtilityTests.xctest */,
				A8961DDC2E32275B008833D5 /* NotchUtilityUITests.xctest */,
			);
			name = Products;
			sourceTree = "<group>";
		};
/* End PBXGroup section */

/* Begin PBXNativeTarget section */
		A8961DC32E322759008833D5 /* NotchUtility */ = {
			isa = PBXNativeTarget;
			buildConfigurationList = A8961DE62E32275B008833D5 /* Build configuration list for PBXNativeTarget "NotchUtility" */;
			buildPhases = (
				A8961DC02E322759008833D5 /* Sources */,
				A8961DC12E322759008833D5 /* Frameworks */,
				A8961DC22E322759008833D5 /* Resources */,
			);
			buildRules = (
			);
			dependencies = (
			);
			fileSystemSynchronizedGroups = (
				A8961DC62E322759008833D5 /* NotchUtility */,
			);
			name = NotchUtility;
			packageProductDependencies = (
			);
			productName = NotchUtility;
			productReference = A8961DC42E322759008833D5 /* NotchUtility.app */;
			productType = "com.apple.product-type.application";
		};
		A8961DD12E32275B008833D5 /* NotchUtilityTests */ = {
			isa = PBXNativeTarget;
			buildConfigurationList = A8961DE92E32275B008833D5 /* Build configuration list for PBXNativeTarget "NotchUtilityTests" */;
			buildPhases = (
				A8961DCE2E32275B008833D5 /* Sources */,
				A8961DCF2E32275B008833D5 /* Frameworks */,
				A8961DD02E32275B008833D5 /* Resources */,
			);
			buildRules = (
			);
			dependencies = (
				A8961DD42E32275B008833D5 /* PBXTargetDependency */,
			);
			fileSystemSynchronizedGroups = (
				A8961DD52E32275B008833D5 /* NotchUtilityTests */,
			);
			name = NotchUtilityTests;
			packageProductDependencies = (
			);
			productName = NotchUtilityTests;
			productReference = A8961DD22E32275B008833D5 /* NotchUtilityTests.xctest */;
			productType = "com.apple.product-type.bundle.unit-test";
		};
		A8961DDB2E32275B008833D5 /* NotchUtilityUITests */ = {
			isa = PBXNativeTarget;
			buildConfigurationList = A8961DEC2E32275B008833D5 /* Build configuration list for PBXNativeTarget "NotchUtilityUITests" */;
			buildPhases = (
				A8961DD82E32275B008833D5 /* Sources */,
				A8961DD92E32275B008833D5 /* Frameworks */,
				A8961DDA2E32275B008833D5 /* Resources */,
			);
			buildRules = (
			);
			dependencies = (
				A8961DDE2E32275B008833D5 /* PBXTargetDependency */,
			);
			fileSystemSynchronizedGroups = (
				A8961DDF2E32275B008833D5 /* NotchUtilityUITests */,
			);
			name = NotchUtilityUITests;
			packageProductDependencies = (
			);
			productName = NotchUtilityUITests;
			productReference = A8961DDC2E32275B008833D5 /* NotchUtilityUITests.xctest */;
			productType = "com.apple.product-type.bundle.ui-testing";
		};
/* End PBXNativeTarget section */

/* Begin PBXProject section */
		A8961DBC2E322759008833D5 /* Project object */ = {
			isa = PBXProject;
			attributes = {
				BuildIndependentTargetsInParallel = 1;
				LastSwiftUpdateCheck = 1640;
				LastUpgradeCheck = 1640;
				TargetAttributes = {
					A8961DC32E322759008833D5 = {
						CreatedOnToolsVersion = 16.4;
					};
					A8961DD12E32275B008833D5 = {
						CreatedOnToolsVersion = 16.4;
						TestTargetID = A8961DC32E322759008833D5;
					};
					A8961DDB2E32275B008833D5 = {
						CreatedOnToolsVersion = 16.4;
						TestTargetID = A8961DC32E322759008833D5;
					};
				};
			};
			buildConfigurationList = A8961DBF2E322759008833D5 /* Build configuration list for PBXProject "NotchUtility" */;
			developmentRegion = en;
			hasScannedForEncodings = 0;
			knownRegions = (
				en,
				Base,
			);
			mainGroup = A8961DBB2E322759008833D5;
			minimizedProjectReferenceProxies = 1;
			preferredProjectObjectVersion = 77;
			productRefGroup = A8961DC52E322759008833D5 /* Products */;
			projectDirPath = "";
			projectRoot = "";
			targets = (
				A8961DC32E322759008833D5 /* NotchUtility */,
				A8961DD12E32275B008833D5 /* NotchUtilityTests */,
				A8961DDB2E32275B008833D5 /* NotchUtilityUITests */,
			);
		};
/* End PBXProject section */

/* Begin PBXResourcesBuildPhase section */
		A8961DC22E322759008833D5 /* Resources */ = {
			isa = PBXResourcesBuildPhase;
			buildActionMask = 2147483647;
			files = (
				A8D19A3A2E325A1F0059DF4B /* ideas.md in Resources */,
			);
			runOnlyForDeploymentPostprocessing = 0;
		};
		A8961DD02E32275B008833D5 /* Resources */ = {
			isa = PBXResourcesBuildPhase;
			buildActionMask = 2147483647;
			files = (
			);
			runOnlyForDeploymentPostprocessing = 0;
		};
		A8961DDA2E32275B008833D5 /* Resources */ = {
			isa = PBXResourcesBuildPhase;
			buildActionMask = 2147483647;
			files = (
			);
			runOnlyForDeploymentPostprocessing = 0;
		};
/* End PBXResourcesBuildPhase section */

/* Begin PBXSourcesBuildPhase section */
		A8961DC02E322759008833D5 /* Sources */ = {
			isa = PBXSourcesBuildPhase;
			buildActionMask = 2147483647;
			files = (
			);
			runOnlyForDeploymentPostprocessing = 0;
		};
		A8961DCE2E32275B008833D5 /* Sources */ = {
			isa = PBXSourcesBuildPhase;
			buildActionMask = 2147483647;
			files = (
			);
			runOnlyForDeploymentPostprocessing = 0;
		};
		A8961DD82E32275B008833D5 /* Sources */ = {
			isa = PBXSourcesBuildPhase;
			buildActionMask = 2147483647;
			files = (
			);
			runOnlyForDeploymentPostprocessing = 0;
		};
/* End PBXSourcesBuildPhase section */

/* Begin PBXTargetDependency section */
		A8961DD42E32275B008833D5 /* PBXTargetDependency */ = {
			isa = PBXTargetDependency;
			target = A8961DC32E322759008833D5 /* NotchUtility */;
			targetProxy = A8961DD32E32275B008833D5 /* PBXContainerItemProxy */;
		};
		A8961DDE2E32275B008833D5 /* PBXTargetDependency */ = {
			isa = PBXTargetDependency;
			target = A8961DC32E322759008833D5 /* NotchUtility */;
			targetProxy = A8961DDD2E32275B008833D5 /* PBXContainerItemProxy */;
		};
/* End PBXTargetDependency section */

/* Begin XCBuildConfiguration section */
		A8961DE42E32275B008833D5 /* Debug */ = {
			isa = XCBuildConfiguration;
			buildSettings = {
				ALWAYS_SEARCH_USER_PATHS = NO;
				ASSETCATALOG_COMPILER_GENERATE_SWIFT_ASSET_SYMBOL_EXTENSIONS = YES;
				CLANG_ANALYZER_NONNULL = YES;
				CLANG_ANALYZER_NUMBER_OBJECT_CONVERSION = YES_AGGRESSIVE;
				CLANG_CXX_LANGUAGE_STANDARD = "gnu++20";
				CLANG_ENABLE_MODULES = YES;
				CLANG_ENABLE_OBJC_ARC = YES;
				CLANG_ENABLE_OBJC_WEAK = YES;
				CLANG_WARN_BLOCK_CAPTURE_AUTORELEASING = YES;
				CLANG_WARN_BOOL_CONVERSION = YES;
				CLANG_WARN_COMMA = YES;
				CLANG_WARN_CONSTANT_CONVERSION = YES;
				CLANG_WARN_DEPRECATED_OBJC_IMPLEMENTATIONS = YES;
				CLANG_WARN_DIRECT_OBJC_ISA_USAGE = YES_ERROR;
				CLANG_WARN_DOCUMENTATION_COMMENTS = YES;
				CLANG_WARN_EMPTY_BODY = YES;
				CLANG_WARN_ENUM_CONVERSION = YES;
				CLANG_WARN_INFINITE_RECURSION = YES;
				CLANG_WARN_INT_CONVERSION = YES;
				CLANG_WARN_NON_LITERAL_NULL_CONVERSION = YES;
				CLANG_WARN_OBJC_IMPLICIT_RETAIN_SELF = YES;
				CLANG_WARN_OBJC_LITERAL_CONVERSION = YES;
				CLANG_WARN_OBJC_ROOT_CLASS = YES_ERROR;
				CLANG_WARN_QUOTED_INCLUDE_IN_FRAMEWORK_HEADER = YES;
				CLANG_WARN_RANGE_LOOP_ANALYSIS = YES;
				CLANG_WARN_STRICT_PROTOTYPES = YES;
				CLANG_WARN_SUSPICIOUS_MOVE = YES;
				CLANG_WARN_UNGUARDED_AVAILABILITY = YES_AGGRESSIVE;
				CLANG_WARN_UNREACHABLE_CODE = YES;
				CLANG_WARN__DUPLICATE_METHOD_MATCH = YES;
				COPY_PHASE_STRIP = NO;
				DEBUG_INFORMATION_FORMAT = dwarf;
				ENABLE_STRICT_OBJC_MSGSEND = YES;
				ENABLE_TESTABILITY = YES;
				ENABLE_USER_SCRIPT_SANDBOXING = YES;
				GCC_C_LANGUAGE_STANDARD = gnu17;
				GCC_DYNAMIC_NO_PIC = NO;
				GCC_NO_COMMON_BLOCKS = YES;
				GCC_OPTIMIZATION_LEVEL = 0;
				GCC_PREPROCESSOR_DEFINITIONS = (
					"DEBUG=1",
					"$(inherited)",
				);
				GCC_WARN_64_TO_32_BIT_CONVERSION = YES;
				GCC_WARN_ABOUT_RETURN_TYPE = YES_ERROR;
				GCC_WARN_UNDECLARED_SELECTOR = YES;
				GCC_WARN_UNINITIALIZED_AUTOS = YES_AGGRESSIVE;
				GCC_WARN_UNUSED_FUNCTION = YES;
				GCC_WARN_UNUSED_VARIABLE = YES;
				LOCALIZATION_PREFERS_STRING_CATALOGS = YES;
				MACOSX_DEPLOYMENT_TARGET = 15.5;
				MTL_ENABLE_DEBUG_INFO = INCLUDE_SOURCE;
				MTL_FAST_MATH = YES;
				ONLY_ACTIVE_ARCH = YES;
				SDKROOT = macosx;
				SWIFT_ACTIVE_COMPILATION_CONDITIONS = "DEBUG $(inherited)";
				SWIFT_OPTIMIZATION_LEVEL = "-Onone";
			};
			name = Debug;
		};
		A8961DE52E32275B008833D5 /* Release */ = {
			isa = XCBuildConfiguration;
			buildSettings = {
				ALWAYS_SEARCH_USER_PATHS = NO;
				ASSETCATALOG_COMPILER_GENERATE_SWIFT_ASSET_SYMBOL_EXTENSIONS = YES;
				CLANG_ANALYZER_NONNULL = YES;
				CLANG_ANALYZER_NUMBER_OBJECT_CONVERSION = YES_AGGRESSIVE;
				CLANG_CXX_LANGUAGE_STANDARD = "gnu++20";
				CLANG_ENABLE_MODULES = YES;
				CLANG_ENABLE_OBJC_ARC = YES;
				CLANG_ENABLE_OBJC_WEAK = YES;
				CLANG_WARN_BLOCK_CAPTURE_AUTORELEASING = YES;
				CLANG_WARN_BOOL_CONVERSION = YES;
				CLANG_WARN_COMMA = YES;
				CLANG_WARN_CONSTANT_CONVERSION = YES;
				CLANG_WARN_DEPRECATED_OBJC_IMPLEMENTATIONS = YES;
				CLANG_WARN_DIRECT_OBJC_ISA_USAGE = YES_ERROR;
				CLANG_WARN_DOCUMENTATION_COMMENTS = YES;
				CLANG_WARN_EMPTY_BODY = YES;
				CLANG_WARN_ENUM_CONVERSION = YES;
				CLANG_WARN_INFINITE_RECURSION = YES;
				CLANG_WARN_INT_CONVERSION = YES;
				CLANG_WARN_NON_LITERAL_NULL_CONVERSION = YES;
				CLANG_WARN_OBJC_IMPLICIT_RETAIN_SELF = YES;
				CLANG_WARN_OBJC_LITERAL_CONVERSION = YES;
				CLANG_WARN_OBJC_ROOT_CLASS = YES_ERROR;
				CLANG_WARN_QUOTED_INCLUDE_IN_FRAMEWORK_HEADER = YES;
				CLANG_WARN_RANGE_LOOP_ANALYSIS = YES;
				CLANG_WARN_STRICT_PROTOTYPES = YES;
				CLANG_WARN_SUSPICIOUS_MOVE = YES;
				CLANG_WARN_UNGUARDED_AVAILABILITY = YES_AGGRESSIVE;
				CLANG_WARN_UNREACHABLE_CODE = YES;
				CLANG_WARN__DUPLICATE_METHOD_MATCH = YES;
				COPY_PHASE_STRIP = NO;
				DEBUG_INFORMATION_FORMAT = "dwarf-with-dsym";
				ENABLE_NS_ASSERTIONS = NO;
				ENABLE_STRICT_OBJC_MSGSEND = YES;
				ENABLE_USER_SCRIPT_SANDBOXING = YES;
				GCC_C_LANGUAGE_STANDARD = gnu17;
				GCC_NO_COMMON_BLOCKS = YES;
				GCC_WARN_64_TO_32_BIT_CONVERSION = YES;
				GCC_WARN_ABOUT_RETURN_TYPE = YES_ERROR;
				GCC_WARN_UNDECLARED_SELECTOR = YES;
				GCC_WARN_UNINITIALIZED_AUTOS = YES_AGGRESSIVE;
				GCC_WARN_UNUSED_FUNCTION = YES;
				GCC_WARN_UNUSED_VARIABLE = YES;
				LOCALIZATION_PREFERS_STRING_CATALOGS = YES;
				MACOSX_DEPLOYMENT_TARGET = 15.5;
				MTL_ENABLE_DEBUG_INFO = NO;
				MTL_FAST_MATH = YES;
				SDKROOT = macosx;
				SWIFT_COMPILATION_MODE = wholemodule;
			};
			name = Release;
		};
		A8961DE72E32275B008833D5 /* Debug */ = {
			isa = XCBuildConfiguration;
			buildSettings = {
				ASSETCATALOG_COMPILER_APPICON_NAME = AppIcon;
				ASSETCATALOG_COMPILER_GLOBAL_ACCENT_COLOR_NAME = AccentColor;
				CODE_SIGN_ENTITLEMENTS = NotchUtility/NotchUtility.entitlements;
				CODE_SIGN_STYLE = Automatic;
				COMBINE_HIDPI_IMAGES = YES;
				CURRENT_PROJECT_VERSION = 1;
				ENABLE_PREVIEWS = YES;
				GENERATE_INFOPLIST_FILE = YES;
				INFOPLIST_KEY_NSHumanReadableCopyright = "";
				LD_RUNPATH_SEARCH_PATHS = (
					"$(inherited)",
					"@executable_path/../Frameworks",
				);
				MARKETING_VERSION = 1.0;
				PRODUCT_BUNDLE_IDENTIFIER = woodley.tommy.NotchUtility;
				PRODUCT_NAME = "$(TARGET_NAME)";
				REGISTER_APP_GROUPS = YES;
				SWIFT_EMIT_LOC_STRINGS = YES;
				SWIFT_VERSION = 5.0;
			};
			name = Debug;
		};
		A8961DE82E32275B008833D5 /* Release */ = {
			isa = XCBuildConfiguration;
			buildSettings = {
				ASSETCATALOG_COMPILER_APPICON_NAME = AppIcon;
				ASSETCATALOG_COMPILER_GLOBAL_ACCENT_COLOR_NAME = AccentColor;
				CODE_SIGN_ENTITLEMENTS = NotchUtility/NotchUtility.entitlements;
				CODE_SIGN_STYLE = Automatic;
				COMBINE_HIDPI_IMAGES = YES;
				CURRENT_PROJECT_VERSION = 1;
				ENABLE_PREVIEWS = YES;
				GENERATE_INFOPLIST_FILE = YES;
				INFOPLIST_KEY_NSHumanReadableCopyright = "";
				LD_RUNPATH_SEARCH_PATHS = (
					"$(inherited)",
					"@executable_path/../Frameworks",
				);
				MARKETING_VERSION = 1.0;
				PRODUCT_BUNDLE_IDENTIFIER = woodley.tommy.NotchUtility;
				PRODUCT_NAME = "$(TARGET_NAME)";
				REGISTER_APP_GROUPS = YES;
				SWIFT_EMIT_LOC_STRINGS = YES;
				SWIFT_VERSION = 5.0;
			};
			name = Release;
		};
		A8961DEA2E32275B008833D5 /* Debug */ = {
			isa = XCBuildConfiguration;
			buildSettings = {
				BUNDLE_LOADER = "$(TEST_HOST)";
				CODE_SIGN_STYLE = Automatic;
				CURRENT_PROJECT_VERSION = 1;
				GENERATE_INFOPLIST_FILE = YES;
				MACOSX_DEPLOYMENT_TARGET = 15.5;
				MARKETING_VERSION = 1.0;
				PRODUCT_BUNDLE_IDENTIFIER = woodley.tommy.NotchUtilityTests;
				PRODUCT_NAME = "$(TARGET_NAME)";
				SWIFT_EMIT_LOC_STRINGS = NO;
				SWIFT_VERSION = 5.0;
				TEST_HOST = "$(BUILT_PRODUCTS_DIR)/NotchUtility.app/$(BUNDLE_EXECUTABLE_FOLDER_PATH)/NotchUtility";
			};
			name = Debug;
		};
		A8961DEB2E32275B008833D5 /* Release */ = {
			isa = XCBuildConfiguration;
			buildSettings = {
				BUNDLE_LOADER = "$(TEST_HOST)";
				CODE_SIGN_STYLE = Automatic;
				CURRENT_PROJECT_VERSION = 1;
				GENERATE_INFOPLIST_FILE = YES;
				MACOSX_DEPLOYMENT_TARGET = 15.5;
				MARKETING_VERSION = 1.0;
				PRODUCT_BUNDLE_IDENTIFIER = woodley.tommy.NotchUtilityTests;
				PRODUCT_NAME = "$(TARGET_NAME)";
				SWIFT_EMIT_LOC_STRINGS = NO;
				SWIFT_VERSION = 5.0;
				TEST_HOST = "$(BUILT_PRODUCTS_DIR)/NotchUtility.app/$(BUNDLE_EXECUTABLE_FOLDER_PATH)/NotchUtility";
			};
			name = Release;
		};
		A8961DED2E32275B008833D5 /* Debug */ = {
			isa = XCBuildConfiguration;
			buildSettings = {
				CODE_SIGN_STYLE = Automatic;
				CURRENT_PROJECT_VERSION = 1;
				GENERATE_INFOPLIST_FILE = YES;
				MARKETING_VERSION = 1.0;
				PRODUCT_BUNDLE_IDENTIFIER = woodley.tommy.NotchUtilityUITests;
				PRODUCT_NAME = "$(TARGET_NAME)";
				SWIFT_EMIT_LOC_STRINGS = NO;
				SWIFT_VERSION = 5.0;
				TEST_TARGET_NAME = NotchUtility;
			};
			name = Debug;
		};
		A8961DEE2E32275B008833D5 /* Release */ = {
			isa = XCBuildConfiguration;
			buildSettings = {
				CODE_SIGN_STYLE = Automatic;
				CURRENT_PROJECT_VERSION = 1;
				GENERATE_INFOPLIST_FILE = YES;
				MARKETING_VERSION = 1.0;
				PRODUCT_BUNDLE_IDENTIFIER = woodley.tommy.NotchUtilityUITests;
				PRODUCT_NAME = "$(TARGET_NAME)";
				SWIFT_EMIT_LOC_STRINGS = NO;
				SWIFT_VERSION = 5.0;
				TEST_TARGET_NAME = NotchUtility;
			};
			name = Release;
		};
/* End XCBuildConfiguration section */

/* Begin XCConfigurationList section */
		A8961DBF2E322759008833D5 /* Build configuration list for PBXProject "NotchUtility" */ = {
			isa = XCConfigurationList;
			buildConfigurations = (
				A8961DE42E32275B008833D5 /* Debug */,
				A8961DE52E32275B008833D5 /* Release */,
			);
			defaultConfigurationIsVisible = 0;
			defaultConfigurationName = Release;
		};
		A8961DE62E32275B008833D5 /* Build configuration list for PBXNativeTarget "NotchUtility" */ = {
			isa = XCConfigurationList;
			buildConfigurations = (
				A8961DE72E32275B008833D5 /* Debug */,
				A8961DE82E32275B008833D5 /* Release */,
			);
			defaultConfigurationIsVisible = 0;
			defaultConfigurationName = Release;
		};
		A8961DE92E32275B008833D5 /* Build configuration list for PBXNativeTarget "NotchUtilityTests" */ = {
			isa = XCConfigurationList;
			buildConfigurations = (
				A8961DEA2E32275B008833D5 /* Debug */,
				A8961DEB2E32275B008833D5 /* Release */,
			);
			defaultConfigurationIsVisible = 0;
			defaultConfigurationName = Release;
		};
		A8961DEC2E32275B008833D5 /* Build configuration list for PBXNativeTarget "NotchUtilityUITests" */ = {
			isa = XCConfigurationList;
			buildConfigurations = (
				A8961DED2E32275B008833D5 /* Debug */,
				A8961DEE2E32275B008833D5 /* Release */,
			);
			defaultConfigurationIsVisible = 0;
			defaultConfigurationName = Release;
		};
/* End XCConfigurationList section */
	};
	rootObject = A8961DBC2E322759008833D5 /* Project object */;
}
